
Microsoft Visual Studio Solution File, Format Version 12.00
# Visual Studio Version 17
VisualStudioVersion = 17.3.32929.385
MinimumVisualStudioVersion = 10.0.40219.1
Project("{FAE04EC0-301F-11D3-BF4B-00C04F79EFBC}") = "Sklad", "Sklad\Sklad.csproj", "{08D48C1B-3D57-4C41-ACD6-6AA6340435C6}"
EndProject
Global
	GlobalSection(SolutionConfigurationPlatforms) = preSolution
		Debug|Any CPU = Debug|Any CPU
		Release|Any CPU = Release|Any CPU
	EndGlobalSection
	GlobalSection(ProjectConfigurationPlatforms) = postSolution
		{08D48C1B-3D57-4C41-ACD6-6AA6340435C6}.Debug|Any CPU.ActiveCfg = Debug|Any CPU
		{08D48C1B-3D57-4C41-ACD6-6AA6340435C6}.Debug|Any CPU.Build.0 = Debug|Any CPU
		{08D48C1B-3D57-4C41-ACD6-6AA6340435C6}.Release|Any CPU.ActiveCfg = Release|Any CPU
		{08D48C1B-3D57-4C41-ACD6-6AA6340435C6}.Release|Any CPU.Build.0 = Release|Any CPU
	EndGlobalSection
	GlobalSection(SolutionProperties) = preSolution
		HideSolutionNode = FALSE
	EndGlobalSection
	GlobalSection(ExtensibilityGlobals) = postSolution
		SolutionGuid = {E240E370-A52A-417D-9A89-D726D240E1B7}
	EndGlobalSection
EndGlobal
